# This file is autogenerated, do not edit; changes may be undone by the next 'dep ensure'.


[[projects]]
  name = "github.com/Bredgren/geo"
  packages = ["."]
  revision = "10713e3abfa687ebc537925fa290d10b5a88a1ec"
  version = "v1.0.0-beta2"

[[projects]]
  branch = "master"
  name = "github.com/go-gl/gl"
  packages = ["v2.1/gl"]
  revision = "39ef8e959f4050148ec5a59816a93b9e65b4528f"

[[projects]]
  branch = "master"
  name = "github.com/go-gl/glfw"
  packages = ["v3.2/glfw"]
  revision = "513e4f2bf85c31fba0fc4907abd7895242ccbe50"

[[projects]]
  branch = "master"
  name = "github.com/gopherjs/gopherjs"
  packages = ["js","nosync"]
  revision = "2b1d432c8a82c9bff0b0baffaeb3ec6e92974112"

[[projects]]
  branch = "master"
  name = "github.com/gopherjs/webgl"
  packages = ["."]
  revision = "a2d36020a9b2af0f7aefb23467ab48f3b501beec"

[[projects]]
  name = "github.com/hajimehoshi/ebiten"
  packages = [".","ebitenutil","ebitenutil/internal/assets","internal","internal/affine","internal/clock","internal/endian","internal/graphics","internal/jni","internal/math","internal/opengl","internal/restorable","internal/sync","internal/ui","internal/web"]
  revision = "71117073d0ff7767588dda407c59028ecdea48cf"

[[projects]]
  branch = "master"
  name = "golang.org/x/mobile"
  packages = ["gl"]
  revision = "e66540375e9941f301a0fbd8134a06076bfc873e"

[[projects]]
  branch = "master"
  name = "golang.org/x/sys"
  packages = ["windows"]
  revision = "43e60d72a8e2bd92ee98319ba9a384a0e9837c08"

[solve-meta]
  analyzer-name = "dep"
  analyzer-version = 1
  inputs-digest = "b224533a1eb1eefd18275a1336e3308a3febda4e48b265ec1c601c3b3452878c"
  solver-name = "gps-cdcl"
  solver-version = 1
